
Microsoft Visual Studio Solution File, Format Version 12.00
# Visual Studio Version 17
VisualStudioVersion = 17.9.34728.123
MinimumVisualStudioVersion = 10.0.40219.1
Project("{9A19103F-16F7-4668-BE54-9A1E7A4F7556}") = "OpenGLWinForms", "OpenGLWinForms\OpenGLWinForms.csproj", "{E6FDF99A-B079-4AF4-8F80-7C79821B3FA7}"
EndProject
Global
	GlobalSection(SolutionConfigurationPlatforms) = preSolution
		Debug|Any CPU = Debug|Any CPU
		Debug|x64 = Debug|x64
		Debug|x86 = Debug|x86
		Release|Any CPU = Release|Any CPU
		Release|x64 = Release|x64
		Release|x86 = Release|x86
	EndGlobalSection
	GlobalSection(ProjectConfigurationPlatforms) = postSolution
		{E6FDF99A-B079-4AF4-8F80-7C79821B3FA7}.Debug|Any CPU.ActiveCfg = Debug|Any CPU
		{E6FDF99A-B079-4AF4-8F80-7C79821B3FA7}.Debug|Any CPU.Build.0 = Debug|Any CPU
		{E6FDF99A-B079-4AF4-8F80-7C79821B3FA7}.Debug|x64.ActiveCfg = Debug|Any CPU
		{E6FDF99A-B079-4AF4-8F80-7C79821B3FA7}.Debug|x64.Build.0 = Debug|Any CPU
		{E6FDF99A-B079-4AF4-8F80-7C79821B3FA7}.Debug|x86.ActiveCfg = Debug|Any CPU
		{E6FDF99A-B079-4AF4-8F80-7C79821B3FA7}.Debug|x86.Build.0 = Debug|Any CPU
		{E6FDF99A-B079-4AF4-8F80-7C79821B3FA7}.Release|Any CPU.ActiveCfg = Release|Any CPU
		{E6FDF99A-B079-4AF4-8F80-7C79821B3FA7}.Release|Any CPU.Build.0 = Release|Any CPU
		{E6FDF99A-B079-4AF4-8F80-7C79821B3FA7}.Release|x64.ActiveCfg = Release|Any CPU
		{E6FDF99A-B079-4AF4-8F80-7C79821B3FA7}.Release|x64.Build.0 = Release|Any CPU
		{E6FDF99A-B079-4AF4-8F80-7C79821B3FA7}.Release|x86.ActiveCfg = Release|Any CPU
		{E6FDF99A-B079-4AF4-8F80-7C79821B3FA7}.Release|x86.Build.0 = Release|Any CPU
	EndGlobalSection
	GlobalSection(SolutionProperties) = preSolution
		HideSolutionNode = FALSE
	EndGlobalSection
	GlobalSection(ExtensibilityGlobals) = postSolution
		SolutionGuid = {77A9253E-3FCD-4935-86B1-7C0DABAA51D6}
	EndGlobalSection
EndGlobal
